
Microsoft Visual Studio Solution File, Format Version 12.00
# Visual Studio Version 17
VisualStudioVersion = 17.6.33815.320
MinimumVisualStudioVersion = 10.0.40219.1
Project("{9A19103F-16F7-4668-BE54-9A1E7A4F7556}") = "Assessment.Kisiler.Api", "Assessment.Kisiler.Api\Assessment.Kisiler.Api.csproj", "{A63681F9-8E5C-45FC-8F31-7AB1A06FF207}"
EndProject
Project("{9A19103F-16F7-4668-BE54-9A1E7A4F7556}") = "Assessment.Rapor.Api", "Assessment.Rapor.Api\Assessment.Rapor.Api.csproj", "{6C28AED3-CCB9-448B-BEF5-21BC287586CC}"
EndProject
Project("{9A19103F-16F7-4668-BE54-9A1E7A4F7556}") = "Shared", "Shared\Shared.csproj", "{028FEDA6-325E-4026-80E3-62A1C713516C}"
EndProject
Global
	GlobalSection(SolutionConfigurationPlatforms) = preSolution
		Debug|Any CPU = Debug|Any CPU
		Release|Any CPU = Release|Any CPU
	EndGlobalSection
	GlobalSection(ProjectConfigurationPlatforms) = postSolution
		{A63681F9-8E5C-45FC-8F31-7AB1A06FF207}.Debug|Any CPU.ActiveCfg = Debug|Any CPU
		{A63681F9-8E5C-45FC-8F31-7AB1A06FF207}.Debug|Any CPU.Build.0 = Debug|Any CPU
		{A63681F9-8E5C-45FC-8F31-7AB1A06FF207}.Release|Any CPU.ActiveCfg = Release|Any CPU
		{A63681F9-8E5C-45FC-8F31-7AB1A06FF207}.Release|Any CPU.Build.0 = Release|Any CPU
		{6C28AED3-CCB9-448B-BEF5-21BC287586CC}.Debug|Any CPU.ActiveCfg = Debug|Any CPU
		{6C28AED3-CCB9-448B-BEF5-21BC287586CC}.Debug|Any CPU.Build.0 = Debug|Any CPU
		{6C28AED3-CCB9-448B-BEF5-21BC287586CC}.Release|Any CPU.ActiveCfg = Release|Any CPU
		{6C28AED3-CCB9-448B-BEF5-21BC287586CC}.Release|Any CPU.Build.0 = Release|Any CPU
		{028FEDA6-325E-4026-80E3-62A1C713516C}.Debug|Any CPU.ActiveCfg = Debug|Any CPU
		{028FEDA6-325E-4026-80E3-62A1C713516C}.Debug|Any CPU.Build.0 = Debug|Any CPU
		{028FEDA6-325E-4026-80E3-62A1C713516C}.Release|Any CPU.ActiveCfg = Release|Any CPU
		{028FEDA6-325E-4026-80E3-62A1C713516C}.Release|Any CPU.Build.0 = Release|Any CPU
	EndGlobalSection
	GlobalSection(SolutionProperties) = preSolution
		HideSolutionNode = FALSE
	EndGlobalSection
	GlobalSection(ExtensibilityGlobals) = postSolution
		SolutionGuid = {BBD7E611-0FD7-4665-A4E2-BA5994E607AD}
	EndGlobalSection
EndGlobal
